{
  "name": "fitsize",
  "version": "1.0.0",
  "lockfileVersion": 1,
  "requires": true,
  "dependencies": {
    "@alphardex/aqua.css": {
      "version": "1.3.0",
      "resolved": "https://registry.npmjs.org/@alphardex/aqua.css/-/aqua.css-1.3.0.tgz",
      "integrity": "sha512-X3S5yfJVOG0X0JaAw4p2wIZgO63vokcNCPrY6lY2IS3Hy8ITXcBbo2jb2LFhBJ/+GvPTWDfIT2OizU9HkXt4Ag=="
    }
  }
}
